
Microsoft Visual Studio Solution File, Format Version 12.00
# Visual Studio 14
VisualStudioVersion = 14.0.25420.1
MinimumVisualStudioVersion = 10.0.40219.1
Project("{FAE04EC0-301F-11D3-BF4B-00C04F79EFBC}") = "MP3_Tag", "MP3_Tag\MP3_Tag.csproj", "{9E9628DC-D6B2-4DFF-B105-E0C0A264ED8B}"
EndProject
Project("{FAE04EC0-301F-11D3-BF4B-00C04F79EFBC}") = "MP3_Tag_Test", "MP3_Tag_Test\MP3_Tag_Test.csproj", "{BB22524E-CFFC-44A4-ABC8-9717E1BBD05A}"
EndProject
Global
	GlobalSection(SolutionConfigurationPlatforms) = preSolution
		Debug|Any CPU = Debug|Any CPU
		Release|Any CPU = Release|Any CPU
	EndGlobalSection
	GlobalSection(ProjectConfigurationPlatforms) = postSolution
		{9E9628DC-D6B2-4DFF-B105-E0C0A264ED8B}.Debug|Any CPU.ActiveCfg = Debug|Any CPU
		{9E9628DC-D6B2-4DFF-B105-E0C0A264ED8B}.Debug|Any CPU.Build.0 = Debug|Any CPU
		{9E9628DC-D6B2-4DFF-B105-E0C0A264ED8B}.Release|Any CPU.ActiveCfg = Release|Any CPU
		{9E9628DC-D6B2-4DFF-B105-E0C0A264ED8B}.Release|Any CPU.Build.0 = Release|Any CPU
		{BB22524E-CFFC-44A4-ABC8-9717E1BBD05A}.Debug|Any CPU.ActiveCfg = Debug|Any CPU
		{BB22524E-CFFC-44A4-ABC8-9717E1BBD05A}.Debug|Any CPU.Build.0 = Debug|Any CPU
		{BB22524E-CFFC-44A4-ABC8-9717E1BBD05A}.Release|Any CPU.ActiveCfg = Release|Any CPU
		{BB22524E-CFFC-44A4-ABC8-9717E1BBD05A}.Release|Any CPU.Build.0 = Release|Any CPU
	EndGlobalSection
	GlobalSection(SolutionProperties) = preSolution
		HideSolutionNode = FALSE
	EndGlobalSection
EndGlobal
